{
  "name": "wasm",
  "lockfileVersion": 3,
  "requires": true,
  "packages": {
    "": {
      "dependencies": {
        "binaryen": "^121.0.0"
      }
    },
    "node_modules/binaryen": {
      "version": "121.0.0",
      "resolved": "https://registry.npmjs.org/binaryen/-/binaryen-121.0.0.tgz",
      "integrity": "sha512-St5LX+CmVdDQMf+DDHWdne7eDK+8tH9TE4Kc+Xk3s5+CzVYIKeJbWuXgsKVbkdLJXGUc2eflFqjThQy555mBag==",
      "bin": {
        "wasm-as": "bin/wasm-as",
        "wasm-ctor-eval": "bin/wasm-ctor-eval",
        "wasm-dis": "bin/wasm-dis",
        "wasm-merge": "bin/wasm-merge",
        "wasm-metadce": "bin/wasm-metadce",
        "wasm-opt": "bin/wasm-opt",
        "wasm-reduce": "bin/wasm-reduce",
        "wasm-shell": "bin/wasm-shell",
        "wasm2js": "bin/wasm2js"
      }
    }
  }
}
